// !$*UTF8*$!
{
	archiveVersion = 1;
	classes = {
	};
	objectVersion = 55;
	objects = {

/* Begin PBXBuildFile section */
		200153F9282EC9900021AE0B /* ContentModel.swift in Sources */ = {isa = PBXBuildFile; fileRef = 200153F8282EC9900021AE0B /* ContentModel.swift */; };
		2053C36D282F14150092D872 /* Yelp-Info.plist in Resources */ = {isa = PBXBuildFile; fileRef = 2053C36C282F14150092D872 /* Yelp-Info.plist */; };
		20F8D4C2282D3E95001D3C55 /* CitySightsApp.swift in Sources */ = {isa = PBXBuildFile; fileRef = 20F8D4C1282D3E95001D3C55 /* CitySightsApp.swift */; };
		20F8D4C4282D3E95001D3C55 /* LaunchView.swift in Sources */ = {isa = PBXBuildFile; fileRef = 20F8D4C3282D3E95001D3C55 /* LaunchView.swift */; };
		20F8D4C6282D3E96001D3C55 /* Assets.xcassets in Resources */ = {isa = PBXBuildFile; fileRef = 20F8D4C5282D3E96001D3C55 /* Assets.xcassets */; };
		20F8D4C9282D3E96001D3C55 /* Preview Assets.xcassets in Resources */ = {isa = PBXBuildFile; fileRef = 20F8D4C8282D3E96001D3C55 /* Preview Assets.xcassets */; };
/* End PBXBuildFile section */

/* Begin PBXFileReference section */
		200153F8282EC9900021AE0B /* ContentModel.swift */ = {isa = PBXFileReference; lastKnownFileType = sourcecode.swift; path = ContentModel.swift; sourceTree = "<group>"; };
		2053C36C282F14150092D872 /* Yelp-Info.plist */ = {isa = PBXFileReference; lastKnownFileType = text.plist.xml; path = "Yelp-Info.plist"; sourceTree = "<group>"; };
		20F8D4BE282D3E95001D3C55 /* CitySightsApp.app */ = {isa = PBXFileReference; explicitFileType = wrapper.application; includeInIndex = 0; path = CitySightsApp.app; sourceTree = BUILT_PRODUCTS_DIR; };
		20F8D4C1282D3E95001D3C55 /* CitySightsApp.swift */ = {isa = PBXFileReference; lastKnownFileType = sourcecode.swift; path = CitySightsApp.swift; sourceTree = "<group>"; };
		20F8D4C3282D3E95001D3C55 /* LaunchView.swift */ = {isa = PBXFileReference; lastKnownFileType = sourcecode.swift; path = LaunchView.swift; sourceTree = "<group>"; };
		20F8D4C5282D3E96001D3C55 /* Assets.xcassets */ = {isa = PBXFileReference; lastKnownFileType = folder.assetcatalog; path = Assets.xcassets; sourceTree = "<group>"; };
		20F8D4C8282D3E96001D3C55 /* Preview Assets.xcassets */ = {isa = PBXFileReference; lastKnownFileType = folder.assetcatalog; path = "Preview Assets.xcassets"; sourceTree = "<group>"; };
/* End PBXFileReference section */

/* Begin PBXFrameworksBuildPhase section */
		20F8D4BB282D3E95001D3C55 /* Frameworks */ = {
			isa = PBXFrameworksBuildPhase;
			buildActionMask = 2147483647;
			files = (
			);
			runOnlyForDeploymentPostprocessing = 0;
		};
/* End PBXFrameworksBuildPhase section */

/* Begin PBXGroup section */
		20F8D4B5282D3E95001D3C55 = {
			isa = PBXGroup;
			children = (
				2053C36C282F14150092D872 /* Yelp-Info.plist */,
				20F8D4C0282D3E95001D3C55 /* CitySightsApp */,
				20F8D4BF282D3E95001D3C55 /* Products */,
			);
			sourceTree = "<group>";
		};
		20F8D4BF282D3E95001D3C55 /* Products */ = {
			isa = PBXGroup;
			children = (
				20F8D4BE282D3E95001D3C55 /* CitySightsApp.app */,
			);
			name = Products;
			sourceTree = "<group>";
		};
		20F8D4C0282D3E95001D3C55 /* CitySightsApp */ = {
			isa = PBXGroup;
			children = (
				20F8D4C1282D3E95001D3C55 /* CitySightsApp.swift */,
				20F8D4D0282D3F3E001D3C55 /* Views */,
				20F8D4D1282D3F45001D3C55 /* ViewModels */,
				20F8D4CF282D3F37001D3C55 /* Models */,
				20F8D4C5282D3E96001D3C55 /* Assets.xcassets */,
				20F8D4C7282D3E96001D3C55 /* Preview Content */,
			);
			path = CitySightsApp;
			sourceTree = "<group>";
		};
		20F8D4C7282D3E96001D3C55 /* Preview Content */ = {
			isa = PBXGroup;
			children = (
				20F8D4C8282D3E96001D3C55 /* Preview Assets.xcassets */,
			);
			path = "Preview Content";
			sourceTree = "<group>";
		};
		20F8D4CF282D3F37001D3C55 /* Models */ = {
			isa = PBXGroup;
			children = (
			);
			path = Models;
			sourceTree = "<group>";
		};
		20F8D4D0282D3F3E001D3C55 /* Views */ = {
			isa = PBXGroup;
			children = (
				20F8D4C3282D3E95001D3C55 /* LaunchView.swift */,
			);
			path = Views;
			sourceTree = "<group>";
		};
		20F8D4D1282D3F45001D3C55 /* ViewModels */ = {
			isa = PBXGroup;
			children = (
				200153F8282EC9900021AE0B /* ContentModel.swift */,
			);
			path = ViewModels;
			sourceTree = "<group>";
		};
/* End PBXGroup section */

/* Begin PBXNativeTarget section */
		20F8D4BD282D3E95001D3C55 /* CitySightsApp */ = {
			isa = PBXNativeTarget;
			buildConfigurationList = 20F8D4CC282D3E96001D3C55 /* Build configuration list for PBXNativeTarget "CitySightsApp" */;
			buildPhases = (
				20F8D4BA282D3E95001D3C55 /* Sources */,
				20F8D4BB282D3E95001D3C55 /* Frameworks */,
				20F8D4BC282D3E95001D3C55 /* Resources */,
			);
			buildRules = (
			);
			dependencies = (
			);
			name = CitySightsApp;
			productName = CitySightsApp;
			productReference = 20F8D4BE282D3E95001D3C55 /* CitySightsApp.app */;
			productType = "com.apple.product-type.application";
		};
/* End PBXNativeTarget section */

/* Begin PBXProject section */
		20F8D4B6282D3E95001D3C55 /* Project object */ = {
			isa = PBXProject;
			attributes = {
				BuildIndependentTargetsInParallel = 1;
				LastSwiftUpdateCheck = 1330;
				LastUpgradeCheck = 1330;
				TargetAttributes = {
					20F8D4BD282D3E95001D3C55 = {
						CreatedOnToolsVersion = 13.3;
					};
				};
			};
			buildConfigurationList = 20F8D4B9282D3E95001D3C55 /* Build configuration list for PBXProject "CitySightsApp" */;
			compatibilityVersion = "Xcode 13.0";
			developmentRegion = en;
			hasScannedForEncodings = 0;
			knownRegions = (
				en,
				Base,
			);
			mainGroup = 20F8D4B5282D3E95001D3C55;
			productRefGroup = 20F8D4BF282D3E95001D3C55 /* Products */;
			projectDirPath = "";
			projectRoot = "";
			targets = (
				20F8D4BD282D3E95001D3C55 /* CitySightsApp */,
			);
		};
/* End PBXProject section */

/* Begin PBXResourcesBuildPhase section */
		20F8D4BC282D3E95001D3C55 /* Resources */ = {
			isa = PBXResourcesBuildPhase;
			buildActionMask = 2147483647;
			files = (
				2053C36D282F14150092D872 /* Yelp-Info.plist in Resources */,
				20F8D4C9282D3E96001D3C55 /* Preview Assets.xcassets in Resources */,
				20F8D4C6282D3E96001D3C55 /* Assets.xcassets in Resources */,
			);
			runOnlyForDeploymentPostprocessing = 0;
		};
/* End PBXResourcesBuildPhase section */

/* Begin PBXSourcesBuildPhase section */
		20F8D4BA282D3E95001D3C55 /* Sources */ = {
			isa = PBXSourcesBuildPhase;
			buildActionMask = 2147483647;
			files = (
				20F8D4C4282D3E95001D3C55 /* LaunchView.swift in Sources */,
				20F8D4C2282D3E95001D3C55 /* CitySightsApp.swift in Sources */,
				200153F9282EC9900021AE0B /* ContentModel.swift in Sources */,
			);
			runOnlyForDeploymentPostprocessing = 0;
		};
/* End PBXSourcesBuildPhase section */

/* Begin XCBuildConfiguration section */
		20F8D4CA282D3E96001D3C55 /* Debug */ = {
			isa = XCBuildConfiguration;
			buildSettings = {
				ALWAYS_SEARCH_USER_PATHS = NO;
				CLANG_ANALYZER_NONNULL = YES;
				CLANG_ANALYZER_NUMBER_OBJECT_CONVERSION = YES_AGGRESSIVE;
				CLANG_CXX_LANGUAGE_STANDARD = "gnu++17";
				CLANG_ENABLE_MODULES = YES;
				CLANG_ENABLE_OBJC_ARC = YES;
				CLANG_ENABLE_OBJC_WEAK = YES;
				CLANG_WARN_BLOCK_CAPTURE_AUTORELEASING = YES;
				CLANG_WARN_BOOL_CONVERSION = YES;
				CLANG_WARN_COMMA = YES;
				CLANG_WARN_CONSTANT_CONVERSION = YES;
				CLANG_WARN_DEPRECATED_OBJC_IMPLEMENTATIONS = YES;
				CLANG_WARN_DIRECT_OBJC_ISA_USAGE = YES_ERROR;
				CLANG_WARN_DOCUMENTATION_COMMENTS = YES;
				CLANG_WARN_EMPTY_BODY = YES;
				CLANG_WARN_ENUM_CONVERSION = YES;
				CLANG_WARN_INFINITE_RECURSION = YES;
				CLANG_WARN_INT_CONVERSION = YES;
				CLANG_WARN_NON_LITERAL_NULL_CONVERSION = YES;
				CLANG_WARN_OBJC_IMPLICIT_RETAIN_SELF = YES;
				CLANG_WARN_OBJC_LITERAL_CONVERSION = YES;
				CLANG_WARN_OBJC_ROOT_CLASS = YES_ERROR;
				CLANG_WARN_QUOTED_INCLUDE_IN_FRAMEWORK_HEADER = YES;
				CLANG_WARN_RANGE_LOOP_ANALYSIS = YES;
				CLANG_WARN_STRICT_PROTOTYPES = YES;
				CLANG_WARN_SUSPICIOUS_MOVE = YES;
				CLANG_WARN_UNGUARDED_AVAILABILITY = YES_AGGRESSIVE;
				CLANG_WARN_UNREACHABLE_CODE = YES;
				CLANG_WARN__DUPLICATE_METHOD_MATCH = YES;
				COPY_PHASE_STRIP = NO;
				DEBUG_INFORMATION_FORMAT = dwarf;
				ENABLE_STRICT_OBJC_MSGSEND = YES;
				ENABLE_TESTABILITY = YES;
				GCC_C_LANGUAGE_STANDARD = gnu11;
				GCC_DYNAMIC_NO_PIC = NO;
				GCC_NO_COMMON_BLOCKS = YES;
				GCC_OPTIMIZATION_LEVEL = 0;
				GCC_PREPROCESSOR_DEFINITIONS = (
					"DEBUG=1",
					"$(inherited)",
				);
				GCC_WARN_64_TO_32_BIT_CONVERSION = YES;
				GCC_WARN_ABOUT_RETURN_TYPE = YES_ERROR;
				GCC_WARN_UNDECLARED_SELECTOR = YES;
				GCC_WARN_UNINITIALIZED_AUTOS = YES_AGGRESSIVE;
				GCC_WARN_UNUSED_FUNCTION = YES;
				GCC_WARN_UNUSED_VARIABLE = YES;
				IPHONEOS_DEPLOYMENT_TARGET = 15.4;
				MTL_ENABLE_DEBUG_INFO = INCLUDE_SOURCE;
				MTL_FAST_MATH = YES;
				ONLY_ACTIVE_ARCH = YES;
				SDKROOT = iphoneos;
				SWIFT_ACTIVE_COMPILATION_CONDITIONS = DEBUG;
				SWIFT_OPTIMIZATION_LEVEL = "-Onone";
			};
			name = Debug;
		};
		20F8D4CB282D3E96001D3C55 /* Release */ = {
			isa = XCBuildConfiguration;
			buildSettings = {
				ALWAYS_SEARCH_USER_PATHS = NO;
				CLANG_ANALYZER_NONNULL = YES;
				CLANG_ANALYZER_NUMBER_OBJECT_CONVERSION = YES_AGGRESSIVE;
				CLANG_CXX_LANGUAGE_STANDARD = "gnu++17";
				CLANG_ENABLE_MODULES = YES;
				CLANG_ENABLE_OBJC_ARC = YES;
				CLANG_ENABLE_OBJC_WEAK = YES;
				CLANG_WARN_BLOCK_CAPTURE_AUTORELEASING = YES;
				CLANG_WARN_BOOL_CONVERSION = YES;
				CLANG_WARN_COMMA = YES;
				CLANG_WARN_CONSTANT_CONVERSION = YES;
				CLANG_WARN_DEPRECATED_OBJC_IMPLEMENTATIONS = YES;
				CLANG_WARN_DIRECT_OBJC_ISA_USAGE = YES_ERROR;
				CLANG_WARN_DOCUMENTATION_COMMENTS = YES;
				CLANG_WARN_EMPTY_BODY = YES;
				CLANG_WARN_ENUM_CONVERSION = YES;
				CLANG_WARN_INFINITE_RECURSION = YES;
				CLANG_WARN_INT_CONVERSION = YES;
				CLANG_WARN_NON_LITERAL_NULL_CONVERSION = YES;
				CLANG_WARN_OBJC_IMPLICIT_RETAIN_SELF = YES;
				CLANG_WARN_OBJC_LITERAL_CONVERSION = YES;
				CLANG_WARN_OBJC_ROOT_CLASS = YES_ERROR;
				CLANG_WARN_QUOTED_INCLUDE_IN_FRAMEWORK_HEADER = YES;
				CLANG_WARN_RANGE_LOOP_ANALYSIS = YES;
				CLANG_WARN_STRICT_PROTOTYPES = YES;
				CLANG_WARN_SUSPICIOUS_MOVE = YES;
				CLANG_WARN_UNGUARDED_AVAILABILITY = YES_AGGRESSIVE;
				CLANG_WARN_UNREACHABLE_CODE = YES;
				CLANG_WARN__DUPLICATE_METHOD_MATCH = YES;
				COPY_PHASE_STRIP = NO;
				DEBUG_INFORMATION_FORMAT = "dwarf-with-dsym";
				ENABLE_NS_ASSERTIONS = NO;
				ENABLE_STRICT_OBJC_MSGSEND = YES;
				GCC_C_LANGUAGE_STANDARD = gnu11;
				GCC_NO_COMMON_BLOCKS = YES;
				GCC_WARN_64_TO_32_BIT_CONVERSION = YES;
				GCC_WARN_ABOUT_RETURN_TYPE = YES_ERROR;
				GCC_WARN_UNDECLARED_SELECTOR = YES;
				GCC_WARN_UNINITIALIZED_AUTOS = YES_AGGRESSIVE;
				GCC_WARN_UNUSED_FUNCTION = YES;
				GCC_WARN_UNUSED_VARIABLE = YES;
				IPHONEOS_DEPLOYMENT_TARGET = 15.4;
				MTL_ENABLE_DEBUG_INFO = NO;
				MTL_FAST_MATH = YES;
				SDKROOT = iphoneos;
				SWIFT_COMPILATION_MODE = wholemodule;
				SWIFT_OPTIMIZATION_LEVEL = "-O";
				VALIDATE_PRODUCT = YES;
			};
			name = Release;
		};
		20F8D4CD282D3E96001D3C55 /* Debug */ = {
			isa = XCBuildConfiguration;
			buildSettings = {
				ASSETCATALOG_COMPILER_APPICON_NAME = AppIcon;
				ASSETCATALOG_COMPILER_GLOBAL_ACCENT_COLOR_NAME = AccentColor;
				CODE_SIGN_STYLE = Automatic;
				CURRENT_PROJECT_VERSION = 1;
				DEVELOPMENT_ASSET_PATHS = "\"CitySightsApp/Preview Content\"";
				DEVELOPMENT_TEAM = D93RYX4Y84;
				ENABLE_PREVIEWS = YES;
				GENERATE_INFOPLIST_FILE = YES;
				INFOPLIST_KEY_NSLocationWhenInUseUsageDescription = "Grant permission to find restaurants and sights near you.";
				INFOPLIST_KEY_UIApplicationSceneManifest_Generation = YES;
				INFOPLIST_KEY_UIApplicationSupportsIndirectInputEvents = YES;
				INFOPLIST_KEY_UILaunchScreen_Generation = YES;
				INFOPLIST_KEY_UISupportedInterfaceOrientations_iPad = "UIInterfaceOrientationPortrait UIInterfaceOrientationPortraitUpsideDown UIInterfaceOrientationLandscapeLeft UIInterfaceOrientationLandscapeRight";
				INFOPLIST_KEY_UISupportedInterfaceOrientations_iPhone = "UIInterfaceOrientationPortrait UIInterfaceOrientationLandscapeLeft UIInterfaceOrientationLandscapeRight";
				LD_RUNPATH_SEARCH_PATHS = (
					"$(inherited)",
					"@executable_path/Frameworks",
				);
				MARKETING_VERSION = 1.0;
				PRODUCT_BUNDLE_IDENTIFIER = com.Steve.CitySightsApp;
				PRODUCT_NAME = "$(TARGET_NAME)";
				SWIFT_EMIT_LOC_STRINGS = YES;
				SWIFT_VERSION = 5.0;
				TARGETED_DEVICE_FAMILY = "1,2";
			};
			name = Debug;
		};
		20F8D4CE282D3E96001D3C55 /* Release */ = {
			isa = XCBuildConfiguration;
			buildSettings = {
				ASSETCATALOG_COMPILER_APPICON_NAME = AppIcon;
				ASSETCATALOG_COMPILER_GLOBAL_ACCENT_COLOR_NAME = AccentColor;
				CODE_SIGN_STYLE = Automatic;
				CURRENT_PROJECT_VERSION = 1;
				DEVELOPMENT_ASSET_PATHS = "\"CitySightsApp/Preview Content\"";
				DEVELOPMENT_TEAM = D93RYX4Y84;
				ENABLE_PREVIEWS = YES;
				GENERATE_INFOPLIST_FILE = YES;
				INFOPLIST_KEY_NSLocationWhenInUseUsageDescription = "Grant permission to find restaurants and sights near you.";
				INFOPLIST_KEY_UIApplicationSceneManifest_Generation = YES;
				INFOPLIST_KEY_UIApplicationSupportsIndirectInputEvents = YES;
				INFOPLIST_KEY_UILaunchScreen_Generation = YES;
				INFOPLIST_KEY_UISupportedInterfaceOrientations_iPad = "UIInterfaceOrientationPortrait UIInterfaceOrientationPortraitUpsideDown UIInterfaceOrientationLandscapeLeft UIInterfaceOrientationLandscapeRight";
				INFOPLIST_KEY_UISupportedInterfaceOrientations_iPhone = "UIInterfaceOrientationPortrait UIInterfaceOrientationLandscapeLeft UIInterfaceOrientationLandscapeRight";
				LD_RUNPATH_SEARCH_PATHS = (
					"$(inherited)",
					"@executable_path/Frameworks",
				);
				MARKETING_VERSION = 1.0;
				PRODUCT_BUNDLE_IDENTIFIER = com.Steve.CitySightsApp;
				PRODUCT_NAME = "$(TARGET_NAME)";
				SWIFT_EMIT_LOC_STRINGS = YES;
				SWIFT_VERSION = 5.0;
				TARGETED_DEVICE_FAMILY = "1,2";
			};
			name = Release;
		};
/* End XCBuildConfiguration section */

/* Begin XCConfigurationList section */
		20F8D4B9282D3E95001D3C55 /* Build configuration list for PBXProject "CitySightsApp" */ = {
			isa = XCConfigurationList;
			buildConfigurations = (
				20F8D4CA282D3E96001D3C55 /* Debug */,
				20F8D4CB282D3E96001D3C55 /* Release */,
			);
			defaultConfigurationIsVisible = 0;
			defaultConfigurationName = Release;
		};
		20F8D4CC282D3E96001D3C55 /* Build configuration list for PBXNativeTarget "CitySightsApp" */ = {
			isa = XCConfigurationList;
			buildConfigurations = (
				20F8D4CD282D3E96001D3C55 /* Debug */,
				20F8D4CE282D3E96001D3C55 /* Release */,
			);
			defaultConfigurationIsVisible = 0;
			defaultConfigurationName = Release;
		};
/* End XCConfigurationList section */
	};
	rootObject = 20F8D4B6282D3E95001D3C55 /* Project object */;
}
